
Microsoft Visual Studio Solution File, Format Version 11.00
# Visual Studio 2010
Project("{FAE04EC0-301F-11D3-BF4B-00C04F79EFBC}") = "JXC", "JXC\JXC.csproj", "{EC16264A-5F07-432F-AF06-375EFAEF28FD}"
EndProject
Project("{FAE04EC0-301F-11D3-BF4B-00C04F79EFBC}") = "Base", "Base\Base.csproj", "{CBACA6EC-243E-4CD9-BA86-4C9381E48785}"
EndProject
Project("{FAE04EC0-301F-11D3-BF4B-00C04F79EFBC}") = "BaseClass", "BaseClass\BaseClass.csproj", "{18E1B9C1-841F-4EDE-AC3E-E3E1CD82D1A9}"
EndProject
Project("{FAE04EC0-301F-11D3-BF4B-00C04F79EFBC}") = "Cash", "Cash\Cash\Cash.csproj", "{72B221DC-5D51-486C-9F24-06E6646841FA}"
EndProject
Project("{FAE04EC0-301F-11D3-BF4B-00C04F79EFBC}") = "Common", "Common\Common.csproj", "{3C2E4A70-5001-4E8E-819F-F6B2829778B4}"
EndProject
Project("{FAE04EC0-301F-11D3-BF4B-00C04F79EFBC}") = "CommonData", "CommonData\CommonData.csproj", "{42954806-AAB9-4838-96D4-4A3FFEF4F965}"
EndProject
Project("{FAE04EC0-301F-11D3-BF4B-00C04F79EFBC}") = "DataLib", "DataLib\DataLib.csproj", "{2CAAC3EF-B033-42E7-878B-11D68647CE47}"
EndProject
Project("{FAE04EC0-301F-11D3-BF4B-00C04F79EFBC}") = "Finance", "Finance\Finance.csproj", "{4BE20BBF-D81A-42C4-9BC2-E0C206ACE8D1}"
EndProject
Project("{FAE04EC0-301F-11D3-BF4B-00C04F79EFBC}") = "myControl", "myControl\myControl.csproj", "{4F6DE4CC-6C3D-43B4-870F-93226D24170E}"
EndProject
Project("{FAE04EC0-301F-11D3-BF4B-00C04F79EFBC}") = "OutProduct", "OutProduct\OutProduct.csproj", "{9A8DEA9B-902F-4EE2-B471-7DF3677DBB14}"
EndProject
Project("{FAE04EC0-301F-11D3-BF4B-00C04F79EFBC}") = "Product", "Product\Product.csproj", "{76B41DE1-7924-4D38-9F97-74462AD1C4B2}"
EndProject
Project("{FAE04EC0-301F-11D3-BF4B-00C04F79EFBC}") = "Report", "Report\Report.csproj", "{EF3E20B1-A7C4-4692-9C0C-086E6E2E0842}"
EndProject
Project("{FAE04EC0-301F-11D3-BF4B-00C04F79EFBC}") = "Sell", "Sell\Sell.csproj", "{4E5447ED-20C1-4769-B9AF-FFB0D69C84D8}"
EndProject
Project("{FAE04EC0-301F-11D3-BF4B-00C04F79EFBC}") = "Stock", "Stock\Stock.csproj", "{0C19B4BC-5C6F-45DB-9A2F-185F58B0A141}"
EndProject
Project("{FAE04EC0-301F-11D3-BF4B-00C04F79EFBC}") = "Storage", "Storage\Storage.csproj", "{495518DB-3672-4D86-8C3A-79EDF00649F1}"
EndProject
Project("{FAE04EC0-301F-11D3-BF4B-00C04F79EFBC}") = "Sys", "Sys\Sys.csproj", "{E7BD7C0D-FCA9-4DD8-9D18-9658FEDFDB29}"
EndProject
Project("{FAE04EC0-301F-11D3-BF4B-00C04F79EFBC}") = "UserPrint", "UserPrint\UserPrint.csproj", "{19AE3C70-12A3-41E9-8F1E-AAD69E93A82F}"
EndProject
Project("{FAE04EC0-301F-11D3-BF4B-00C04F79EFBC}") = "UserReport", "UserReport\UserReport.csproj", "{07674E3B-6762-4E9B-8C96-A1FD2D7FF552}"
EndProject
Project("{FAE04EC0-301F-11D3-BF4B-00C04F79EFBC}") = "Wage", "Wage\Wage.csproj", "{A5023958-9A7B-47ED-8447-327B7BFC76C8}"
EndProject
Project("{FAE04EC0-301F-11D3-BF4B-00C04F79EFBC}") = "UserDesignForm", "UserDesignForm\UserDesignForm.csproj", "{7BB71BB1-52E1-46C3-A58F-9E5D067B267C}"
EndProject
Project("{FAE04EC0-301F-11D3-BF4B-00C04F79EFBC}") = "Card", "Card\Card.csproj", "{BCC3F8FB-F684-4387-B922-BD3D56012751}"
EndProject
Project("{FAE04EC0-301F-11D3-BF4B-00C04F79EFBC}") = "Phone", "Phone\Phone.csproj", "{D4DB4F3D-F07D-4F79-8088-AE4EA8E24EDD}"
EndProject
Project("{FAE04EC0-301F-11D3-BF4B-00C04F79EFBC}") = "SysReg", "SysReg\SysReg.csproj", "{C2A5071D-91C4-4D47-BF47-896AC301FE1E}"
EndProject
Project("{FAE04EC0-301F-11D3-BF4B-00C04F79EFBC}") = "CenterLib", "CenterLib\CenterLib.csproj", "{DA5AE5D4-73EC-45D4-BA74-C6F7D0D9E3E5}"
EndProject
Global
	GlobalSection(SolutionConfigurationPlatforms) = preSolution
		Debug|Any CPU = Debug|Any CPU
		Release|Any CPU = Release|Any CPU
	EndGlobalSection
	GlobalSection(ProjectConfigurationPlatforms) = postSolution
		{EC16264A-5F07-432F-AF06-375EFAEF28FD}.Debug|Any CPU.ActiveCfg = Debug|Any CPU
		{EC16264A-5F07-432F-AF06-375EFAEF28FD}.Debug|Any CPU.Build.0 = Debug|Any CPU
		{EC16264A-5F07-432F-AF06-375EFAEF28FD}.Release|Any CPU.ActiveCfg = Release|Any CPU
		{EC16264A-5F07-432F-AF06-375EFAEF28FD}.Release|Any CPU.Build.0 = Release|Any CPU
		{CBACA6EC-243E-4CD9-BA86-4C9381E48785}.Debug|Any CPU.ActiveCfg = Debug|Any CPU
		{CBACA6EC-243E-4CD9-BA86-4C9381E48785}.Debug|Any CPU.Build.0 = Debug|Any CPU
		{CBACA6EC-243E-4CD9-BA86-4C9381E48785}.Release|Any CPU.ActiveCfg = Release|Any CPU
		{CBACA6EC-243E-4CD9-BA86-4C9381E48785}.Release|Any CPU.Build.0 = Release|Any CPU
		{18E1B9C1-841F-4EDE-AC3E-E3E1CD82D1A9}.Debug|Any CPU.ActiveCfg = Debug|Any CPU
		{18E1B9C1-841F-4EDE-AC3E-E3E1CD82D1A9}.Debug|Any CPU.Build.0 = Debug|Any CPU
		{18E1B9C1-841F-4EDE-AC3E-E3E1CD82D1A9}.Release|Any CPU.ActiveCfg = Release|Any CPU
		{18E1B9C1-841F-4EDE-AC3E-E3E1CD82D1A9}.Release|Any CPU.Build.0 = Release|Any CPU
		{72B221DC-5D51-486C-9F24-06E6646841FA}.Debug|Any CPU.ActiveCfg = Debug|Any CPU
		{72B221DC-5D51-486C-9F24-06E6646841FA}.Debug|Any CPU.Build.0 = Debug|Any CPU
		{72B221DC-5D51-486C-9F24-06E6646841FA}.Release|Any CPU.ActiveCfg = Release|Any CPU
		{72B221DC-5D51-486C-9F24-06E6646841FA}.Release|Any CPU.Build.0 = Release|Any CPU
		{3C2E4A70-5001-4E8E-819F-F6B2829778B4}.Debug|Any CPU.ActiveCfg = Debug|Any CPU
		{3C2E4A70-5001-4E8E-819F-F6B2829778B4}.Debug|Any CPU.Build.0 = Debug|Any CPU
		{3C2E4A70-5001-4E8E-819F-F6B2829778B4}.Release|Any CPU.ActiveCfg = Release|Any CPU
		{3C2E4A70-5001-4E8E-819F-F6B2829778B4}.Release|Any CPU.Build.0 = Release|Any CPU
		{42954806-AAB9-4838-96D4-4A3FFEF4F965}.Debug|Any CPU.ActiveCfg = Debug|Any CPU
		{42954806-AAB9-4838-96D4-4A3FFEF4F965}.Debug|Any CPU.Build.0 = Debug|Any CPU
		{42954806-AAB9-4838-96D4-4A3FFEF4F965}.Release|Any CPU.ActiveCfg = Release|Any CPU
		{42954806-AAB9-4838-96D4-4A3FFEF4F965}.Release|Any CPU.Build.0 = Release|Any CPU
		{2CAAC3EF-B033-42E7-878B-11D68647CE47}.Debug|Any CPU.ActiveCfg = Debug|Any CPU
		{2CAAC3EF-B033-42E7-878B-11D68647CE47}.Debug|Any CPU.Build.0 = Debug|Any CPU
		{2CAAC3EF-B033-42E7-878B-11D68647CE47}.Release|Any CPU.ActiveCfg = Release|Any CPU
		{2CAAC3EF-B033-42E7-878B-11D68647CE47}.Release|Any CPU.Build.0 = Release|Any CPU
		{4BE20BBF-D81A-42C4-9BC2-E0C206ACE8D1}.Debug|Any CPU.ActiveCfg = Debug|Any CPU
		{4BE20BBF-D81A-42C4-9BC2-E0C206ACE8D1}.Debug|Any CPU.Build.0 = Debug|Any CPU
		{4BE20BBF-D81A-42C4-9BC2-E0C206ACE8D1}.Release|Any CPU.ActiveCfg = Release|Any CPU
		{4BE20BBF-D81A-42C4-9BC2-E0C206ACE8D1}.Release|Any CPU.Build.0 = Release|Any CPU
		{4F6DE4CC-6C3D-43B4-870F-93226D24170E}.Debug|Any CPU.ActiveCfg = Debug|Any CPU
		{4F6DE4CC-6C3D-43B4-870F-93226D24170E}.Debug|Any CPU.Build.0 = Debug|Any CPU
		{4F6DE4CC-6C3D-43B4-870F-93226D24170E}.Release|Any CPU.ActiveCfg = Release|Any CPU
		{4F6DE4CC-6C3D-43B4-870F-93226D24170E}.Release|Any CPU.Build.0 = Release|Any CPU
		{9A8DEA9B-902F-4EE2-B471-7DF3677DBB14}.Debug|Any CPU.ActiveCfg = Debug|Any CPU
		{9A8DEA9B-902F-4EE2-B471-7DF3677DBB14}.Debug|Any CPU.Build.0 = Debug|Any CPU
		{9A8DEA9B-902F-4EE2-B471-7DF3677DBB14}.Release|Any CPU.ActiveCfg = Release|Any CPU
		{9A8DEA9B-902F-4EE2-B471-7DF3677DBB14}.Release|Any CPU.Build.0 = Release|Any CPU
		{76B41DE1-7924-4D38-9F97-74462AD1C4B2}.Debug|Any CPU.ActiveCfg = Debug|Any CPU
		{76B41DE1-7924-4D38-9F97-74462AD1C4B2}.Debug|Any CPU.Build.0 = Debug|Any CPU
		{76B41DE1-7924-4D38-9F97-74462AD1C4B2}.Release|Any CPU.ActiveCfg = Release|Any CPU
		{76B41DE1-7924-4D38-9F97-74462AD1C4B2}.Release|Any CPU.Build.0 = Release|Any CPU
		{EF3E20B1-A7C4-4692-9C0C-086E6E2E0842}.Debug|Any CPU.ActiveCfg = Debug|Any CPU
		{EF3E20B1-A7C4-4692-9C0C-086E6E2E0842}.Debug|Any CPU.Build.0 = Debug|Any CPU
		{EF3E20B1-A7C4-4692-9C0C-086E6E2E0842}.Release|Any CPU.ActiveCfg = Release|Any CPU
		{EF3E20B1-A7C4-4692-9C0C-086E6E2E0842}.Release|Any CPU.Build.0 = Release|Any CPU
		{4E5447ED-20C1-4769-B9AF-FFB0D69C84D8}.Debug|Any CPU.ActiveCfg = Debug|Any CPU
		{4E5447ED-20C1-4769-B9AF-FFB0D69C84D8}.Debug|Any CPU.Build.0 = Debug|Any CPU
		{4E5447ED-20C1-4769-B9AF-FFB0D69C84D8}.Release|Any CPU.ActiveCfg = Release|Any CPU
		{4E5447ED-20C1-4769-B9AF-FFB0D69C84D8}.Release|Any CPU.Build.0 = Release|Any CPU
		{0C19B4BC-5C6F-45DB-9A2F-185F58B0A141}.Debug|Any CPU.ActiveCfg = Debug|Any CPU
		{0C19B4BC-5C6F-45DB-9A2F-185F58B0A141}.Debug|Any CPU.Build.0 = Debug|Any CPU
		{0C19B4BC-5C6F-45DB-9A2F-185F58B0A141}.Release|Any CPU.ActiveCfg = Release|Any CPU
		{0C19B4BC-5C6F-45DB-9A2F-185F58B0A141}.Release|Any CPU.Build.0 = Release|Any CPU
		{495518DB-3672-4D86-8C3A-79EDF00649F1}.Debug|Any CPU.ActiveCfg = Debug|Any CPU
		{495518DB-3672-4D86-8C3A-79EDF00649F1}.Debug|Any CPU.Build.0 = Debug|Any CPU
		{495518DB-3672-4D86-8C3A-79EDF00649F1}.Release|Any CPU.ActiveCfg = Release|Any CPU
		{495518DB-3672-4D86-8C3A-79EDF00649F1}.Release|Any CPU.Build.0 = Release|Any CPU
		{E7BD7C0D-FCA9-4DD8-9D18-9658FEDFDB29}.Debug|Any CPU.ActiveCfg = Debug|Any CPU
		{E7BD7C0D-FCA9-4DD8-9D18-9658FEDFDB29}.Debug|Any CPU.Build.0 = Debug|Any CPU
		{E7BD7C0D-FCA9-4DD8-9D18-9658FEDFDB29}.Release|Any CPU.ActiveCfg = Release|Any CPU
		{E7BD7C0D-FCA9-4DD8-9D18-9658FEDFDB29}.Release|Any CPU.Build.0 = Release|Any CPU
		{19AE3C70-12A3-41E9-8F1E-AAD69E93A82F}.Debug|Any CPU.ActiveCfg = Debug|Any CPU
		{19AE3C70-12A3-41E9-8F1E-AAD69E93A82F}.Debug|Any CPU.Build.0 = Debug|Any CPU
		{19AE3C70-12A3-41E9-8F1E-AAD69E93A82F}.Release|Any CPU.ActiveCfg = Release|Any CPU
		{19AE3C70-12A3-41E9-8F1E-AAD69E93A82F}.Release|Any CPU.Build.0 = Release|Any CPU
		{07674E3B-6762-4E9B-8C96-A1FD2D7FF552}.Debug|Any CPU.ActiveCfg = Debug|Any CPU
		{07674E3B-6762-4E9B-8C96-A1FD2D7FF552}.Debug|Any CPU.Build.0 = Debug|Any CPU
		{07674E3B-6762-4E9B-8C96-A1FD2D7FF552}.Release|Any CPU.ActiveCfg = Release|Any CPU
		{07674E3B-6762-4E9B-8C96-A1FD2D7FF552}.Release|Any CPU.Build.0 = Release|Any CPU
		{A5023958-9A7B-47ED-8447-327B7BFC76C8}.Debug|Any CPU.ActiveCfg = Debug|Any CPU
		{A5023958-9A7B-47ED-8447-327B7BFC76C8}.Debug|Any CPU.Build.0 = Debug|Any CPU
		{A5023958-9A7B-47ED-8447-327B7BFC76C8}.Release|Any CPU.ActiveCfg = Release|Any CPU
		{A5023958-9A7B-47ED-8447-327B7BFC76C8}.Release|Any CPU.Build.0 = Release|Any CPU
		{7BB71BB1-52E1-46C3-A58F-9E5D067B267C}.Debug|Any CPU.ActiveCfg = Debug|Any CPU
		{7BB71BB1-52E1-46C3-A58F-9E5D067B267C}.Debug|Any CPU.Build.0 = Debug|Any CPU
		{7BB71BB1-52E1-46C3-A58F-9E5D067B267C}.Release|Any CPU.ActiveCfg = Release|Any CPU
		{7BB71BB1-52E1-46C3-A58F-9E5D067B267C}.Release|Any CPU.Build.0 = Release|Any CPU
		{BCC3F8FB-F684-4387-B922-BD3D56012751}.Debug|Any CPU.ActiveCfg = Debug|Any CPU
		{BCC3F8FB-F684-4387-B922-BD3D56012751}.Debug|Any CPU.Build.0 = Debug|Any CPU
		{BCC3F8FB-F684-4387-B922-BD3D56012751}.Release|Any CPU.ActiveCfg = Release|Any CPU
		{BCC3F8FB-F684-4387-B922-BD3D56012751}.Release|Any CPU.Build.0 = Release|Any CPU
		{D4DB4F3D-F07D-4F79-8088-AE4EA8E24EDD}.Debug|Any CPU.ActiveCfg = Debug|Any CPU
		{D4DB4F3D-F07D-4F79-8088-AE4EA8E24EDD}.Debug|Any CPU.Build.0 = Debug|Any CPU
		{D4DB4F3D-F07D-4F79-8088-AE4EA8E24EDD}.Release|Any CPU.ActiveCfg = Release|Any CPU
		{D4DB4F3D-F07D-4F79-8088-AE4EA8E24EDD}.Release|Any CPU.Build.0 = Release|Any CPU
		{C2A5071D-91C4-4D47-BF47-896AC301FE1E}.Debug|Any CPU.ActiveCfg = Debug|Any CPU
		{C2A5071D-91C4-4D47-BF47-896AC301FE1E}.Debug|Any CPU.Build.0 = Debug|Any CPU
		{C2A5071D-91C4-4D47-BF47-896AC301FE1E}.Release|Any CPU.ActiveCfg = Release|Any CPU
		{C2A5071D-91C4-4D47-BF47-896AC301FE1E}.Release|Any CPU.Build.0 = Release|Any CPU
		{DA5AE5D4-73EC-45D4-BA74-C6F7D0D9E3E5}.Debug|Any CPU.ActiveCfg = Debug|Any CPU
		{DA5AE5D4-73EC-45D4-BA74-C6F7D0D9E3E5}.Debug|Any CPU.Build.0 = Debug|Any CPU
		{DA5AE5D4-73EC-45D4-BA74-C6F7D0D9E3E5}.Release|Any CPU.ActiveCfg = Release|Any CPU
		{DA5AE5D4-73EC-45D4-BA74-C6F7D0D9E3E5}.Release|Any CPU.Build.0 = Release|Any CPU
	EndGlobalSection
	GlobalSection(SolutionProperties) = preSolution
		HideSolutionNode = FALSE
	EndGlobalSection
EndGlobal
