
Microsoft Visual Studio Solution File, Format Version 9.00
# Visual Studio 2005
Project("{FAE04EC0-301F-11D3-BF4B-00C04F79EFBC}") = "Cash", "Cash\Cash.csproj", "{72B221DC-5D51-486C-9F24-06E6646841FA}"
EndProject
Project("{FAE04EC0-301F-11D3-BF4B-00C04F79EFBC}") = "TestCash", "d:\My Documents\Visual Studio 2005\Projects\TestCash\TestCash.csproj", "{C4AC5456-A5F5-410D-A140-FCAAE7E9F517}"
EndProject
Global
	GlobalSection(SolutionConfigurationPlatforms) = preSolution
		Debug|Any CPU = Debug|Any CPU
		Release|Any CPU = Release|Any CPU
	EndGlobalSection
	GlobalSection(ProjectConfigurationPlatforms) = postSolution
		{72B221DC-5D51-486C-9F24-06E6646841FA}.Debug|Any CPU.ActiveCfg = Debug|Any CPU
		{72B221DC-5D51-486C-9F24-06E6646841FA}.Debug|Any CPU.Build.0 = Debug|Any CPU
		{72B221DC-5D51-486C-9F24-06E6646841FA}.Release|Any CPU.ActiveCfg = Release|Any CPU
		{72B221DC-5D51-486C-9F24-06E6646841FA}.Release|Any CPU.Build.0 = Release|Any CPU
		{C4AC5456-A5F5-410D-A140-FCAAE7E9F517}.Debug|Any CPU.ActiveCfg = Debug|Any CPU
		{C4AC5456-A5F5-410D-A140-FCAAE7E9F517}.Debug|Any CPU.Build.0 = Debug|Any CPU
		{C4AC5456-A5F5-410D-A140-FCAAE7E9F517}.Release|Any CPU.ActiveCfg = Release|Any CPU
		{C4AC5456-A5F5-410D-A140-FCAAE7E9F517}.Release|Any CPU.Build.0 = Release|Any CPU
	EndGlobalSection
	GlobalSection(SolutionProperties) = preSolution
		HideSolutionNode = FALSE
	EndGlobalSection
EndGlobal
