
Microsoft Visual Studio Solution File, Format Version 10.00
# Visual Studio 2008
Project("{E24C65DC-7377-472B-9ABA-BC803B73C61A}") = "jxcService", "..\jxcService", "{6D689F64-6C16-4518-A64E-5A25244EFB78}"
	ProjectSection(WebsiteProperties) = preProject
		TargetFramework = "2.0"
		Debug.AspNetCompiler.VirtualPath = "/myService"
		Debug.AspNetCompiler.PhysicalPath = "F:\工程项目\myService\"
		Debug.AspNetCompiler.TargetPath = "PrecompiledWeb\myService\"
		Debug.AspNetCompiler.Updateable = "true"
		Debug.AspNetCompiler.ForceOverwrite = "true"
		Debug.AspNetCompiler.FixedNames = "false"
		Debug.AspNetCompiler.Debug = "True"
		Release.AspNetCompiler.VirtualPath = "/myService"
		Release.AspNetCompiler.PhysicalPath = "F:\工程项目\myService\"
		Release.AspNetCompiler.TargetPath = "PrecompiledWeb\myService\"
		Release.AspNetCompiler.Updateable = "true"
		Release.AspNetCompiler.ForceOverwrite = "true"
		Release.AspNetCompiler.FixedNames = "false"
		Release.AspNetCompiler.Debug = "False"
		VWDPort = "1195"
	EndProjectSection
EndProject
Global
	GlobalSection(SolutionConfigurationPlatforms) = preSolution
		Debug|.NET = Debug|.NET
	EndGlobalSection
	GlobalSection(ProjectConfigurationPlatforms) = postSolution
		{6D689F64-6C16-4518-A64E-5A25244EFB78}.Debug|.NET.ActiveCfg = Debug|.NET
		{6D689F64-6C16-4518-A64E-5A25244EFB78}.Debug|.NET.Build.0 = Debug|.NET
	EndGlobalSection
	GlobalSection(SolutionProperties) = preSolution
		HideSolutionNode = FALSE
	EndGlobalSection
EndGlobal
